
Microsoft Visual Studio Solution File, Format Version 12.00
# Visual Studio Version 17
VisualStudioVersion = 17.13.35825.156
MinimumVisualStudioVersion = 10.0.40219.1
Project("{FAE04EC0-301F-11D3-BF4B-00C04F79EFBC}") = "CSProjeDemo1", "CSProjeDemo1\CSProjeDemo1.csproj", "{DD4605F6-2D43-400E-BC65-BAC6FF08CB11}"
EndProject
Project("{FAE04EC0-301F-11D3-BF4B-00C04F79EFBC}") = "ConsoleApp", "ConsoleApp2\ConsoleApp.csproj", "{D0DD80C4-F555-49DE-9AD9-734B02EC71A8}"
EndProject
Global
	GlobalSection(SolutionConfigurationPlatforms) = preSolution
		Debug|Any CPU = Debug|Any CPU
		Release|Any CPU = Release|Any CPU
	EndGlobalSection
	GlobalSection(ProjectConfigurationPlatforms) = postSolution
		{DD4605F6-2D43-400E-BC65-BAC6FF08CB11}.Debug|Any CPU.ActiveCfg = Debug|Any CPU
		{DD4605F6-2D43-400E-BC65-BAC6FF08CB11}.Debug|Any CPU.Build.0 = Debug|Any CPU
		{DD4605F6-2D43-400E-BC65-BAC6FF08CB11}.Release|Any CPU.ActiveCfg = Release|Any CPU
		{DD4605F6-2D43-400E-BC65-BAC6FF08CB11}.Release|Any CPU.Build.0 = Release|Any CPU
		{D0DD80C4-F555-49DE-9AD9-734B02EC71A8}.Debug|Any CPU.ActiveCfg = Debug|Any CPU
		{D0DD80C4-F555-49DE-9AD9-734B02EC71A8}.Debug|Any CPU.Build.0 = Debug|Any CPU
		{D0DD80C4-F555-49DE-9AD9-734B02EC71A8}.Release|Any CPU.ActiveCfg = Release|Any CPU
		{D0DD80C4-F555-49DE-9AD9-734B02EC71A8}.Release|Any CPU.Build.0 = Release|Any CPU
	EndGlobalSection
	GlobalSection(SolutionProperties) = preSolution
		HideSolutionNode = FALSE
	EndGlobalSection
	GlobalSection(ExtensibilityGlobals) = postSolution
		SolutionGuid = {82468F90-FC4A-421B-84CB-E56B4B7EEB4C}
	EndGlobalSection
EndGlobal
